
Microsoft Visual Studio Solution File, Format Version 12.00
# Visual Studio Version 16
VisualStudioVersion = 16.0.30503.244
MinimumVisualStudioVersion = 10.0.40219.1
Project("{FAE04EC0-301F-11D3-BF4B-00C04F79EFBC}") = "MSUnitTests", "UnitTestProjectJenkins\MSUnitTests.csproj", "{E951656C-964D-488C-A614-24DF66CBF2FF}"
	ProjectSection(ProjectDependencies) = postProject
		{588CEE62-B2AB-4EC4-8E29-B4315C45DA60} = {588CEE62-B2AB-4EC4-8E29-B4315C45DA60}
	EndProjectSection
EndProject
Project("{FAE04EC0-301F-11D3-BF4B-00C04F79EFBC}") = "BreakMe", "BreakMe\BreakMe.csproj", "{588CEE62-B2AB-4EC4-8E29-B4315C45DA60}"
EndProject
Project("{FAE04EC0-301F-11D3-BF4B-00C04F79EFBC}") = "XUnitsTests", "XUnitsTests\XUnitsTests.csproj", "{08B307BA-11A5-45B8-A383-9097FA9B00F6}"
	ProjectSection(ProjectDependencies) = postProject
		{588CEE62-B2AB-4EC4-8E29-B4315C45DA60} = {588CEE62-B2AB-4EC4-8E29-B4315C45DA60}
	EndProjectSection
EndProject
Global
	GlobalSection(SolutionConfigurationPlatforms) = preSolution
		Debug|Any CPU = Debug|Any CPU
		Release|Any CPU = Release|Any CPU
	EndGlobalSection
	GlobalSection(ProjectConfigurationPlatforms) = postSolution
		{E951656C-964D-488C-A614-24DF66CBF2FF}.Debug|Any CPU.ActiveCfg = Debug|Any CPU
		{E951656C-964D-488C-A614-24DF66CBF2FF}.Debug|Any CPU.Build.0 = Debug|Any CPU
		{E951656C-964D-488C-A614-24DF66CBF2FF}.Release|Any CPU.ActiveCfg = Release|Any CPU
		{E951656C-964D-488C-A614-24DF66CBF2FF}.Release|Any CPU.Build.0 = Release|Any CPU
		{588CEE62-B2AB-4EC4-8E29-B4315C45DA60}.Debug|Any CPU.ActiveCfg = Debug|Any CPU
		{588CEE62-B2AB-4EC4-8E29-B4315C45DA60}.Debug|Any CPU.Build.0 = Debug|Any CPU
		{588CEE62-B2AB-4EC4-8E29-B4315C45DA60}.Release|Any CPU.ActiveCfg = Release|Any CPU
		{588CEE62-B2AB-4EC4-8E29-B4315C45DA60}.Release|Any CPU.Build.0 = Release|Any CPU
		{08B307BA-11A5-45B8-A383-9097FA9B00F6}.Debug|Any CPU.ActiveCfg = Debug|Any CPU
		{08B307BA-11A5-45B8-A383-9097FA9B00F6}.Debug|Any CPU.Build.0 = Debug|Any CPU
		{08B307BA-11A5-45B8-A383-9097FA9B00F6}.Release|Any CPU.ActiveCfg = Release|Any CPU
		{08B307BA-11A5-45B8-A383-9097FA9B00F6}.Release|Any CPU.Build.0 = Release|Any CPU
	EndGlobalSection
	GlobalSection(SolutionProperties) = preSolution
		HideSolutionNode = FALSE
	EndGlobalSection
	GlobalSection(ExtensibilityGlobals) = postSolution
		SolutionGuid = {75332D7F-5877-4769-9930-A2F70A3C845B}
	EndGlobalSection
EndGlobal
